// !$*UTF8*$!
{
	archiveVersion = 1;
	classes = {
	};
	objectVersion = 56;
	objects = {

/* Begin PBXBuildFile section */
		A10001 /* FlashbitApp.swift in Sources */ = {isa = PBXBuildFile; fileRef = A20001; };
		A10002 /* ContentView.swift in Sources */ = {isa = PBXBuildFile; fileRef = A20002; };
		A10003 /* Bit.swift in Sources */ = {isa = PBXBuildFile; fileRef = A20003; };
		A10004 /* FeedViewModel.swift in Sources */ = {isa = PBXBuildFile; fileRef = A20004; };
		A10005 /* NewsService.swift in Sources */ = {isa = PBXBuildFile; fileRef = A20005; };
		A10006 /* BitCardView.swift in Sources */ = {isa = PBXBuildFile; fileRef = A20006; };
		A10007 /* SwipeableFeedView.swift in Sources */ = {isa = PBXBuildFile; fileRef = A20007; };
		A10008 /* Assets.xcassets in Resources */ = {isa = PBXBuildFile; fileRef = A20008; };
		A10010 /* StorageService.swift in Sources */ = {isa = PBXBuildFile; fileRef = A20010; };
		A10011 /* RSSParser.swift in Sources */ = {isa = PBXBuildFile; fileRef = A20011; };
		A10012 /* AppConstants.swift in Sources */ = {isa = PBXBuildFile; fileRef = A20012; };
		A10013 /* Date+Extensions.swift in Sources */ = {isa = PBXBuildFile; fileRef = A20013; };
		A10014 /* String+Extensions.swift in Sources */ = {isa = PBXBuildFile; fileRef = A20014; };
		A10015 /* NewsServiceProtocol.swift in Sources */ = {isa = PBXBuildFile; fileRef = A20015; };
		A10016 /* StorageServiceProtocol.swift in Sources */ = {isa = PBXBuildFile; fileRef = A20016; };
		A10017 /* BitCategory.swift in Sources */ = {isa = PBXBuildFile; fileRef = A20017; };
		A10018 /* Tab.swift in Sources */ = {isa = PBXBuildFile; fileRef = A20018; };
		A10019 /* SavedViewModel.swift in Sources */ = {isa = PBXBuildFile; fileRef = A20019; };
		A10020 /* SettingsViewModel.swift in Sources */ = {isa = PBXBuildFile; fileRef = A20020; };
		A10021 /* CategoryBadge.swift in Sources */ = {isa = PBXBuildFile; fileRef = A20021; };
		A10022 /* FilterChip.swift in Sources */ = {isa = PBXBuildFile; fileRef = A20022; };
		A10023 /* SafariView.swift in Sources */ = {isa = PBXBuildFile; fileRef = A20023; };
		A10024 /* BookmarksView.swift in Sources */ = {isa = PBXBuildFile; fileRef = A20024; };
		A10025 /* SavedBitCard.swift in Sources */ = {isa = PBXBuildFile; fileRef = A20025; };
		A10026 /* SettingsView.swift in Sources */ = {isa = PBXBuildFile; fileRef = A20026; };
		A10027 /* ManageCategoriesView.swift in Sources */ = {isa = PBXBuildFile; fileRef = A20027; };
		A10028 /* CategoryToggleRow.swift in Sources */ = {isa = PBXBuildFile; fileRef = A20028; };
/* End PBXBuildFile section */

/* Begin PBXFileReference section */
		A20001 /* FlashbitApp.swift */ = {isa = PBXFileReference; lastKnownFileType = sourcecode.swift; path = FlashbitApp.swift; sourceTree = "<group>"; };
		A20002 /* ContentView.swift */ = {isa = PBXFileReference; lastKnownFileType = sourcecode.swift; path = ContentView.swift; sourceTree = "<group>"; };
		A20003 /* Bit.swift */ = {isa = PBXFileReference; lastKnownFileType = sourcecode.swift; path = Bit.swift; sourceTree = "<group>"; };
		A20004 /* FeedViewModel.swift */ = {isa = PBXFileReference; lastKnownFileType = sourcecode.swift; path = FeedViewModel.swift; sourceTree = "<group>"; };
		A20005 /* NewsService.swift */ = {isa = PBXFileReference; lastKnownFileType = sourcecode.swift; path = NewsService.swift; sourceTree = "<group>"; };
		A20006 /* BitCardView.swift */ = {isa = PBXFileReference; lastKnownFileType = sourcecode.swift; path = BitCardView.swift; sourceTree = "<group>"; };
		A20007 /* SwipeableFeedView.swift */ = {isa = PBXFileReference; lastKnownFileType = sourcecode.swift; path = SwipeableFeedView.swift; sourceTree = "<group>"; };
		A20008 /* Assets.xcassets */ = {isa = PBXFileReference; lastKnownFileType = folder.assetcatalog; path = Assets.xcassets; sourceTree = "<group>"; };
		A20010 /* StorageService.swift */ = {isa = PBXFileReference; lastKnownFileType = sourcecode.swift; path = StorageService.swift; sourceTree = "<group>"; };
		A20011 /* RSSParser.swift */ = {isa = PBXFileReference; lastKnownFileType = sourcecode.swift; path = RSSParser.swift; sourceTree = "<group>"; };
		A20012 /* AppConstants.swift */ = {isa = PBXFileReference; lastKnownFileType = sourcecode.swift; path = AppConstants.swift; sourceTree = "<group>"; };
		A20013 /* Date+Extensions.swift */ = {isa = PBXFileReference; lastKnownFileType = sourcecode.swift; path = "Date+Extensions.swift"; sourceTree = "<group>"; };
		A20014 /* String+Extensions.swift */ = {isa = PBXFileReference; lastKnownFileType = sourcecode.swift; path = "String+Extensions.swift"; sourceTree = "<group>"; };
		A20015 /* NewsServiceProtocol.swift */ = {isa = PBXFileReference; lastKnownFileType = sourcecode.swift; path = NewsServiceProtocol.swift; sourceTree = "<group>"; };
		A20016 /* StorageServiceProtocol.swift */ = {isa = PBXFileReference; lastKnownFileType = sourcecode.swift; path = StorageServiceProtocol.swift; sourceTree = "<group>"; };
		A20017 /* BitCategory.swift */ = {isa = PBXFileReference; lastKnownFileType = sourcecode.swift; path = BitCategory.swift; sourceTree = "<group>"; };
		A20018 /* Tab.swift */ = {isa = PBXFileReference; lastKnownFileType = sourcecode.swift; path = Tab.swift; sourceTree = "<group>"; };
		A20019 /* SavedViewModel.swift */ = {isa = PBXFileReference; lastKnownFileType = sourcecode.swift; path = SavedViewModel.swift; sourceTree = "<group>"; };
		A20020 /* SettingsViewModel.swift */ = {isa = PBXFileReference; lastKnownFileType = sourcecode.swift; path = SettingsViewModel.swift; sourceTree = "<group>"; };
		A20021 /* CategoryBadge.swift */ = {isa = PBXFileReference; lastKnownFileType = sourcecode.swift; path = CategoryBadge.swift; sourceTree = "<group>"; };
		A20022 /* FilterChip.swift */ = {isa = PBXFileReference; lastKnownFileType = sourcecode.swift; path = FilterChip.swift; sourceTree = "<group>"; };
		A20023 /* SafariView.swift */ = {isa = PBXFileReference; lastKnownFileType = sourcecode.swift; path = SafariView.swift; sourceTree = "<group>"; };
		A20024 /* BookmarksView.swift */ = {isa = PBXFileReference; lastKnownFileType = sourcecode.swift; path = BookmarksView.swift; sourceTree = "<group>"; };
		A20025 /* SavedBitCard.swift */ = {isa = PBXFileReference; lastKnownFileType = sourcecode.swift; path = SavedBitCard.swift; sourceTree = "<group>"; };
		A20026 /* SettingsView.swift */ = {isa = PBXFileReference; lastKnownFileType = sourcecode.swift; path = SettingsView.swift; sourceTree = "<group>"; };
		A20027 /* ManageCategoriesView.swift */ = {isa = PBXFileReference; lastKnownFileType = sourcecode.swift; path = ManageCategoriesView.swift; sourceTree = "<group>"; };
		A20028 /* CategoryToggleRow.swift */ = {isa = PBXFileReference; lastKnownFileType = sourcecode.swift; path = CategoryToggleRow.swift; sourceTree = "<group>"; };
		A30000 /* Flashbit.app */ = {isa = PBXFileReference; explicitFileType = wrapper.application; includeInIndex = 0; path = Flashbit.app; sourceTree = BUILT_PRODUCTS_DIR; };
/* End PBXFileReference section */

/* Begin PBXFrameworksBuildPhase section */
		A40000 /* Frameworks */ = {
			isa = PBXFrameworksBuildPhase;
			buildActionMask = 2147483647;
			files = (
			);
			runOnlyForDeploymentPostprocessing = 0;
		};
/* End PBXFrameworksBuildPhase section */

/* Begin PBXGroup section */
		A50000 = {
			isa = PBXGroup;
			children = (
				A50001 /* Flashbit */,
				A50005 /* Products */,
			);
			sourceTree = "<group>";
		};
		A50001 /* Flashbit */ = {
			isa = PBXGroup;
			children = (
				A50007 /* App */,
				A50008 /* Core */,
				A50002 /* Models */,
				A50006 /* Services */,
				A50003 /* ViewModels */,
				A50004 /* Views */,
				A20008 /* Assets.xcassets */,
			);
			path = Flashbit;
			sourceTree = "<group>";
		};
		A50002 /* Models */ = {
			isa = PBXGroup;
			children = (
				A20003 /* Bit.swift */,
				A20017 /* BitCategory.swift */,
				A20018 /* Tab.swift */,
			);
			path = Models;
			sourceTree = "<group>";
		};
		A50003 /* ViewModels */ = {
			isa = PBXGroup;
			children = (
				A20004 /* FeedViewModel.swift */,
				A20019 /* SavedViewModel.swift */,
				A20020 /* SettingsViewModel.swift */,
			);
			path = ViewModels;
			sourceTree = "<group>";
		};
		A50004 /* Views */ = {
			isa = PBXGroup;
			children = (
				A20002 /* ContentView.swift */,
				A50012 /* Components */,
				A50013 /* Feed */,
				A50014 /* Saved */,
				A50015 /* Settings */,
			);
			path = Views;
			sourceTree = "<group>";
		};
		A50005 /* Products */ = {
			isa = PBXGroup;
			children = (
				A30000 /* Flashbit.app */,
			);
			name = Products;
			sourceTree = "<group>";
		};
		A50006 /* Services */ = {
			isa = PBXGroup;
			children = (
				A20005 /* NewsService.swift */,
				A20011 /* RSSParser.swift */,
				A20010 /* StorageService.swift */,
			);
			path = Services;
			sourceTree = "<group>";
		};
		A50007 /* App */ = {
			isa = PBXGroup;
			children = (
				A20001 /* FlashbitApp.swift */,
			);
			path = App;
			sourceTree = "<group>";
		};
		A50008 /* Core */ = {
			isa = PBXGroup;
			children = (
				A50009 /* Constants */,
				A50010 /* Extensions */,
				A50011 /* Protocols */,
			);
			path = Core;
			sourceTree = "<group>";
		};
		A50009 /* Constants */ = {
			isa = PBXGroup;
			children = (
				A20012 /* AppConstants.swift */,
			);
			path = Constants;
			sourceTree = "<group>";
		};
		A50010 /* Extensions */ = {
			isa = PBXGroup;
			children = (
				A20013 /* Date+Extensions.swift */,
				A20014 /* String+Extensions.swift */,
			);
			path = Extensions;
			sourceTree = "<group>";
		};
		A50011 /* Protocols */ = {
			isa = PBXGroup;
			children = (
				A20015 /* NewsServiceProtocol.swift */,
				A20016 /* StorageServiceProtocol.swift */,
			);
			path = Protocols;
			sourceTree = "<group>";
		};
		A50012 /* Components */ = {
			isa = PBXGroup;
			children = (
				A20021 /* CategoryBadge.swift */,
				A20022 /* FilterChip.swift */,
				A20023 /* SafariView.swift */,
			);
			path = Components;
			sourceTree = "<group>";
		};
		A50013 /* Feed */ = {
			isa = PBXGroup;
			children = (
				A20006 /* BitCardView.swift */,
				A20007 /* SwipeableFeedView.swift */,
			);
			path = Feed;
			sourceTree = "<group>";
		};
		A50014 /* Saved */ = {
			isa = PBXGroup;
			children = (
				A20024 /* BookmarksView.swift */,
				A20025 /* SavedBitCard.swift */,
			);
			path = Saved;
			sourceTree = "<group>";
		};
		A50015 /* Settings */ = {
			isa = PBXGroup;
			children = (
				A20026 /* SettingsView.swift */,
				A20027 /* ManageCategoriesView.swift */,
				A20028 /* CategoryToggleRow.swift */,
			);
			path = Settings;
			sourceTree = "<group>";
		};
/* End PBXGroup section */

/* Begin PBXNativeTarget section */
		A60000 /* Flashbit */ = {
			isa = PBXNativeTarget;
			buildConfigurationList = A80000 /* Build configuration list for PBXNativeTarget "Flashbit" */;
			buildPhases = (
				A70000 /* Sources */,
				A40000 /* Frameworks */,
				A70001 /* Resources */,
			);
			buildRules = (
			);
			dependencies = (
			);
			name = Flashbit;
			productName = Flashbit;
			productReference = A30000 /* Flashbit.app */;
			productType = "com.apple.product-type.application";
		};
/* End PBXNativeTarget section */

/* Begin PBXProject section */
		A90000 /* Project object */ = {
			isa = PBXProject;
			attributes = {
				BuildIndependentTargetsInParallel = 1;
				LastSwiftUpdateCheck = 1500;
				LastUpgradeCheck = 1500;
				TargetAttributes = {
					A60000 = {
						CreatedOnToolsVersion = 15.0;
					};
				};
			};
			buildConfigurationList = A80001 /* Build configuration list for PBXProject "Flashbit" */;
			compatibilityVersion = "Xcode 14.0";
			developmentRegion = en;
			hasScannedForEncodings = 0;
			knownRegions = (
				en,
				Base,
			);
			mainGroup = A50000;
			productRefGroup = A50005 /* Products */;
			projectDirPath = "";
			projectRoot = "";
			targets = (
				A60000 /* Flashbit */,
			);
		};
/* End PBXProject section */

/* Begin PBXResourcesBuildPhase section */
		A70001 /* Resources */ = {
			isa = PBXResourcesBuildPhase;
			buildActionMask = 2147483647;
			files = (
				A10008 /* Assets.xcassets in Resources */,
			);
			runOnlyForDeploymentPostprocessing = 0;
		};
/* End PBXResourcesBuildPhase section */

/* Begin PBXSourcesBuildPhase section */
		A70000 /* Sources */ = {
			isa = PBXSourcesBuildPhase;
			buildActionMask = 2147483647;
			files = (
				A10001 /* FlashbitApp.swift in Sources */,
				A10002 /* ContentView.swift in Sources */,
				A10003 /* Bit.swift in Sources */,
				A10004 /* FeedViewModel.swift in Sources */,
				A10005 /* NewsService.swift in Sources */,
				A10006 /* BitCardView.swift in Sources */,
				A10007 /* SwipeableFeedView.swift in Sources */,
				A10010 /* StorageService.swift in Sources */,
				A10011 /* RSSParser.swift in Sources */,
				A10012 /* AppConstants.swift in Sources */,
				A10013 /* Date+Extensions.swift in Sources */,
				A10014 /* String+Extensions.swift in Sources */,
				A10015 /* NewsServiceProtocol.swift in Sources */,
				A10016 /* StorageServiceProtocol.swift in Sources */,
				A10017 /* BitCategory.swift in Sources */,
				A10018 /* Tab.swift in Sources */,
				A10019 /* SavedViewModel.swift in Sources */,
				A10020 /* SettingsViewModel.swift in Sources */,
				A10021 /* CategoryBadge.swift in Sources */,
				A10022 /* FilterChip.swift in Sources */,
				A10023 /* SafariView.swift in Sources */,
				A10024 /* BookmarksView.swift in Sources */,
				A10025 /* SavedBitCard.swift in Sources */,
				A10026 /* SettingsView.swift in Sources */,
				A10027 /* ManageCategoriesView.swift in Sources */,
				A10028 /* CategoryToggleRow.swift in Sources */,
			);
			runOnlyForDeploymentPostprocessing = 0;
		};
/* End PBXSourcesBuildPhase section */

/* Begin XCBuildConfiguration section */
		B10000 /* Debug */ = {
			isa = XCBuildConfiguration;
			buildSettings = {
				ALWAYS_SEARCH_USER_PATHS = NO;
				ASSETCATALOG_COMPILER_GENERATE_SWIFT_ASSET_SYMBOL_EXTENSIONS = YES;
				CLANG_ANALYZER_NONNULL = YES;
				CLANG_ANALYZER_NUMBER_OBJECT_CONVERSION = YES_AGGRESSIVE;
				CLANG_CXX_LANGUAGE_STANDARD = "gnu++20";
				CLANG_ENABLE_MODULES = YES;
				CLANG_ENABLE_OBJC_ARC = YES;
				CLANG_ENABLE_OBJC_WEAK = YES;
				CLANG_WARN_BLOCK_CAPTURE_AUTORELEASING = YES;
				CLANG_WARN_BOOL_CONVERSION = YES;
				CLANG_WARN_COMMA = YES;
				CLANG_WARN_CONSTANT_CONVERSION = YES;
				CLANG_WARN_DEPRECATED_OBJC_IMPLEMENTATIONS = YES;
				CLANG_WARN_DIRECT_OBJC_ISA_USAGE = YES_ERROR;
				CLANG_WARN_DOCUMENTATION_COMMENTS = YES;
				CLANG_WARN_EMPTY_BODY = YES;
				CLANG_WARN_ENUM_CONVERSION = YES;
				CLANG_WARN_INFINITE_RECURSION = YES;
				CLANG_WARN_INT_CONVERSION = YES;
				CLANG_WARN_NON_LITERAL_NULL_CONVERSION = YES;
				CLANG_WARN_OBJC_IMPLICIT_RETAIN_SELF = YES;
				CLANG_WARN_OBJC_LITERAL_CONVERSION = YES;
				CLANG_WARN_OBJC_ROOT_CLASS = YES_ERROR;
				CLANG_WARN_QUOTED_INCLUDE_IN_FRAMEWORK_HEADER = YES;
				CLANG_WARN_RANGE_LOOP_ANALYSIS = YES;
				CLANG_WARN_STRICT_PROTOTYPES = YES;
				CLANG_WARN_SUSPICIOUS_MOVE = YES;
				CLANG_WARN_UNGUARDED_AVAILABILITY = YES_AGGRESSIVE;
				CLANG_WARN_UNREACHABLE_CODE = YES;
				CLANG_WARN__DUPLICATE_METHOD_MATCH = YES;
				COPY_PHASE_STRIP = NO;
				DEBUG_INFORMATION_FORMAT = dwarf;
				ENABLE_STRICT_OBJC_MSGSEND = YES;
				ENABLE_TESTABILITY = YES;
				ENABLE_USER_SCRIPT_SANDBOXING = YES;
				GCC_C_LANGUAGE_STANDARD = gnu17;
				GCC_DYNAMIC_NO_PIC = NO;
				GCC_NO_COMMON_BLOCKS = YES;
				GCC_OPTIMIZATION_LEVEL = 0;
				GCC_PREPROCESSOR_DEFINITIONS = (
					"DEBUG=1",
					"$(inherited)",
				);
				GCC_WARN_64_TO_32_BIT_CONVERSION = YES;
				GCC_WARN_ABOUT_RETURN_TYPE = YES_ERROR;
				GCC_WARN_UNDECLARED_SELECTOR = YES;
				GCC_WARN_UNINITIALIZED_AUTOS = YES_AGGRESSIVE;
				GCC_WARN_UNUSED_FUNCTION = YES;
				GCC_WARN_UNUSED_VARIABLE = YES;
				IPHONEOS_DEPLOYMENT_TARGET = 17.0;
				LOCALIZATION_PREFERS_STRING_CATALOGS = YES;
				MTL_ENABLE_DEBUG_INFO = INCLUDE_SOURCE;
				MTL_FAST_MATH = YES;
				ONLY_ACTIVE_ARCH = YES;
				SDKROOT = iphoneos;
				SWIFT_ACTIVE_COMPILATION_CONDITIONS = "DEBUG $(inherited)";
				SWIFT_OPTIMIZATION_LEVEL = "-Onone";
			};
			name = Debug;
		};
		B10001 /* Release */ = {
			isa = XCBuildConfiguration;
			buildSettings = {
				ALWAYS_SEARCH_USER_PATHS = NO;
				ASSETCATALOG_COMPILER_GENERATE_SWIFT_ASSET_SYMBOL_EXTENSIONS = YES;
				CLANG_ANALYZER_NONNULL = YES;
				CLANG_ANALYZER_NUMBER_OBJECT_CONVERSION = YES_AGGRESSIVE;
				CLANG_CXX_LANGUAGE_STANDARD = "gnu++20";
				CLANG_ENABLE_MODULES = YES;
				CLANG_ENABLE_OBJC_ARC = YES;
				CLANG_ENABLE_OBJC_WEAK = YES;
				CLANG_WARN_BLOCK_CAPTURE_AUTORELEASING = YES;
				CLANG_WARN_BOOL_CONVERSION = YES;
				CLANG_WARN_COMMA = YES;
				CLANG_WARN_CONSTANT_CONVERSION = YES;
				CLANG_WARN_DEPRECATED_OBJC_IMPLEMENTATIONS = YES;
				CLANG_WARN_DIRECT_OBJC_ISA_USAGE = YES_ERROR;
				CLANG_WARN_DOCUMENTATION_COMMENTS = YES;
				CLANG_WARN_EMPTY_BODY = YES;
				CLANG_WARN_ENUM_CONVERSION = YES;
				CLANG_WARN_INFINITE_RECURSION = YES;
				CLANG_WARN_INT_CONVERSION = YES;
				CLANG_WARN_NON_LITERAL_NULL_CONVERSION = YES;
				CLANG_WARN_OBJC_IMPLICIT_RETAIN_SELF = YES;
				CLANG_WARN_OBJC_LITERAL_CONVERSION = YES;
				CLANG_WARN_OBJC_ROOT_CLASS = YES_ERROR;
				CLANG_WARN_QUOTED_INCLUDE_IN_FRAMEWORK_HEADER = YES;
				CLANG_WARN_RANGE_LOOP_ANALYSIS = YES;
				CLANG_WARN_STRICT_PROTOTYPES = YES;
				CLANG_WARN_SUSPICIOUS_MOVE = YES;
				CLANG_WARN_UNGUARDED_AVAILABILITY = YES_AGGRESSIVE;
				CLANG_WARN_UNREACHABLE_CODE = YES;
				CLANG_WARN__DUPLICATE_METHOD_MATCH = YES;
				COPY_PHASE_STRIP = NO;
				DEBUG_INFORMATION_FORMAT = "dwarf-with-dsym";
				ENABLE_NS_ASSERTIONS = NO;
				ENABLE_STRICT_OBJC_MSGSEND = YES;
				ENABLE_USER_SCRIPT_SANDBOXING = YES;
				GCC_C_LANGUAGE_STANDARD = gnu17;
				GCC_NO_COMMON_BLOCKS = YES;
				GCC_WARN_64_TO_32_BIT_CONVERSION = YES;
				GCC_WARN_ABOUT_RETURN_TYPE = YES_ERROR;
				GCC_WARN_UNDECLARED_SELECTOR = YES;
				GCC_WARN_UNINITIALIZED_AUTOS = YES_AGGRESSIVE;
				GCC_WARN_UNUSED_FUNCTION = YES;
				GCC_WARN_UNUSED_VARIABLE = YES;
				IPHONEOS_DEPLOYMENT_TARGET = 17.0;
				LOCALIZATION_PREFERS_STRING_CATALOGS = YES;
				MTL_ENABLE_DEBUG_INFO = NO;
				MTL_FAST_MATH = YES;
				SDKROOT = iphoneos;
				SWIFT_COMPILATION_MODE = wholemodule;
				VALIDATE_PRODUCT = YES;
			};
			name = Release;
		};
		B20000 /* Debug */ = {
			isa = XCBuildConfiguration;
			buildSettings = {
				ASSETCATALOG_COMPILER_APPICON_NAME = AppIcon;
				ASSETCATALOG_COMPILER_GLOBAL_ACCENT_COLOR_NAME = AccentColor;
				CODE_SIGN_STYLE = Automatic;
				CURRENT_PROJECT_VERSION = 1;
				DEVELOPMENT_TEAM = "";
				ENABLE_PREVIEWS = YES;
				GENERATE_INFOPLIST_FILE = YES;
				INFOPLIST_KEY_BGTaskSchedulerPermittedIdentifiers = "$(PRODUCT_BUNDLE_IDENTIFIER).refresh";
				INFOPLIST_KEY_UIApplicationSceneManifest_Generation = YES;
				INFOPLIST_KEY_UIApplicationSupportsIndirectInputEvents = YES;
				INFOPLIST_KEY_UIBackgroundModes = fetch;
				INFOPLIST_KEY_UILaunchScreen_Generation = YES;
				INFOPLIST_KEY_UISupportedInterfaceOrientations_iPad = "UIInterfaceOrientationPortrait UIInterfaceOrientationPortraitUpsideDown UIInterfaceOrientationLandscapeLeft UIInterfaceOrientationLandscapeRight";
				INFOPLIST_KEY_UISupportedInterfaceOrientations_iPhone = "UIInterfaceOrientationPortrait UIInterfaceOrientationLandscapeLeft UIInterfaceOrientationLandscapeRight";
				LD_RUNPATH_SEARCH_PATHS = (
					"$(inherited)",
					"@executable_path/Frameworks",
				);
				MARKETING_VERSION = 1.0;
				PRODUCT_BUNDLE_IDENTIFIER = com.flashbit.app;
				PRODUCT_NAME = "$(TARGET_NAME)";
				SWIFT_EMIT_LOC_STRINGS = YES;
				SWIFT_VERSION = 5.0;
				TARGETED_DEVICE_FAMILY = "1,2";
			};
			name = Debug;
		};
		B20001 /* Release */ = {
			isa = XCBuildConfiguration;
			buildSettings = {
				ASSETCATALOG_COMPILER_APPICON_NAME = AppIcon;
				ASSETCATALOG_COMPILER_GLOBAL_ACCENT_COLOR_NAME = AccentColor;
				CODE_SIGN_STYLE = Automatic;
				CURRENT_PROJECT_VERSION = 1;
				DEVELOPMENT_TEAM = "";
				ENABLE_PREVIEWS = YES;
				GENERATE_INFOPLIST_FILE = YES;
				INFOPLIST_KEY_BGTaskSchedulerPermittedIdentifiers = "$(PRODUCT_BUNDLE_IDENTIFIER).refresh";
				INFOPLIST_KEY_UIApplicationSceneManifest_Generation = YES;
				INFOPLIST_KEY_UIApplicationSupportsIndirectInputEvents = YES;
				INFOPLIST_KEY_UIBackgroundModes = fetch;
				INFOPLIST_KEY_UILaunchScreen_Generation = YES;
				INFOPLIST_KEY_UISupportedInterfaceOrientations_iPad = "UIInterfaceOrientationPortrait UIInterfaceOrientationPortraitUpsideDown UIInterfaceOrientationLandscapeLeft UIInterfaceOrientationLandscapeRight";
				INFOPLIST_KEY_UISupportedInterfaceOrientations_iPhone = "UIInterfaceOrientationPortrait UIInterfaceOrientationLandscapeLeft UIInterfaceOrientationLandscapeRight";
				LD_RUNPATH_SEARCH_PATHS = (
					"$(inherited)",
					"@executable_path/Frameworks",
				);
				MARKETING_VERSION = 1.0;
				PRODUCT_BUNDLE_IDENTIFIER = com.flashbit.app;
				PRODUCT_NAME = "$(TARGET_NAME)";
				SWIFT_EMIT_LOC_STRINGS = YES;
				SWIFT_VERSION = 5.0;
				TARGETED_DEVICE_FAMILY = "1,2";
			};
			name = Release;
		};
/* End XCBuildConfiguration section */

/* Begin XCConfigurationList section */
		A80000 /* Build configuration list for PBXNativeTarget "Flashbit" */ = {
			isa = XCConfigurationList;
			buildConfigurations = (
				B20000 /* Debug */,
				B20001 /* Release */,
			);
			defaultConfigurationIsVisible = 0;
			defaultConfigurationName = Release;
		};
		A80001 /* Build configuration list for PBXProject "Flashbit" */ = {
			isa = XCConfigurationList;
			buildConfigurations = (
				B10000 /* Debug */,
				B10001 /* Release */,
			);
			defaultConfigurationIsVisible = 0;
			defaultConfigurationName = Release;
		};
/* End XCConfigurationList section */
	};
	rootObject = A90000 /* Project object */;
}
